
Microsoft Visual Studio Solution File, Format Version 12.00
# Visual Studio 15
VisualStudioVersion = 15.0.26730.16
MinimumVisualStudioVersion = 10.0.40219.1
Project("{FAE04EC0-301F-11D3-BF4B-00C04F79EFBC}") = "h2ohelper", "h2ohelper\h2ohelper.csproj", "{67A08E02-0BC0-45A9-8F6A-254A69282B3A}"
EndProject
Global
	GlobalSection(SolutionConfigurationPlatforms) = preSolution
		Debug|Any CPU = Debug|Any CPU
		Release|Any CPU = Release|Any CPU
	EndGlobalSection
	GlobalSection(ProjectConfigurationPlatforms) = postSolution
		{67A08E02-0BC0-45A9-8F6A-254A69282B3A}.Debug|Any CPU.ActiveCfg = Debug|Any CPU
		{67A08E02-0BC0-45A9-8F6A-254A69282B3A}.Debug|Any CPU.Build.0 = Debug|Any CPU
		{67A08E02-0BC0-45A9-8F6A-254A69282B3A}.Release|Any CPU.ActiveCfg = Release|Any CPU
		{67A08E02-0BC0-45A9-8F6A-254A69282B3A}.Release|Any CPU.Build.0 = Release|Any CPU
	EndGlobalSection
	GlobalSection(SolutionProperties) = preSolution
		HideSolutionNode = FALSE
	EndGlobalSection
	GlobalSection(ExtensibilityGlobals) = postSolution
		SolutionGuid = {6577BCEF-33CB-40DC-A9E8-46D67BC0BB01}
	EndGlobalSection
EndGlobal
